// !$*UTF8*$!
{
	archiveVersion = 1;
	classes = {
	};
	objectVersion = 50;
	objects = {

/* Begin PBXBuildFile section */
		6FBAAAEA24E9760F009B79B1 /* main.cpp in Sources */ = {isa = PBXBuildFile; fileRef = 6FBAAAE924E9760F009B79B1 /* main.cpp */; };
		6FBAAAF524E976CD009B79B1 /* libswiftGLKit.tbd in Frameworks */ = {isa = PBXBuildFile; fileRef = 6FBAAAF124E976CD009B79B1 /* libswiftGLKit.tbd */; };
		6FBAAAF624E976CD009B79B1 /* OpenGL.framework in Frameworks */ = {isa = PBXBuildFile; fileRef = 6FBAAAF224E976CD009B79B1 /* OpenGL.framework */; };
		6FBAAAF724E976CD009B79B1 /* GLUT.framework in Frameworks */ = {isa = PBXBuildFile; fileRef = 6FBAAAF324E976CD009B79B1 /* GLUT.framework */; };
		6FBAAAF824E976CD009B79B1 /* libswiftDemangle.tbd in Frameworks */ = {isa = PBXBuildFile; fileRef = 6FBAAAF424E976CD009B79B1 /* libswiftDemangle.tbd */; };
/* End PBXBuildFile section */

/* Begin PBXCopyFilesBuildPhase section */
		6FBAAAE424E9760F009B79B1 /* CopyFiles */ = {
			isa = PBXCopyFilesBuildPhase;
			buildActionMask = 2147483647;
			dstPath = /usr/share/man/man1/;
			dstSubfolderSpec = 0;
			files = (
			);
			runOnlyForDeploymentPostprocessing = 1;
		};
/* End PBXCopyFilesBuildPhase section */

/* Begin PBXFileReference section */
		6FBAAAE624E9760F009B79B1 /* work_1 */ = {isa = PBXFileReference; explicitFileType = "compiled.mach-o.executable"; includeInIndex = 0; path = work_1; sourceTree = BUILT_PRODUCTS_DIR; };
		6FBAAAE924E9760F009B79B1 /* main.cpp */ = {isa = PBXFileReference; lastKnownFileType = sourcecode.cpp.cpp; path = main.cpp; sourceTree = "<group>"; };
		6FBAAAF124E976CD009B79B1 /* libswiftGLKit.tbd */ = {isa = PBXFileReference; lastKnownFileType = "sourcecode.text-based-dylib-definition"; name = libswiftGLKit.tbd; path = usr/lib/swift/libswiftGLKit.tbd; sourceTree = SDKROOT; };
		6FBAAAF224E976CD009B79B1 /* OpenGL.framework */ = {isa = PBXFileReference; lastKnownFileType = wrapper.framework; name = OpenGL.framework; path = System/Library/Frameworks/OpenGL.framework; sourceTree = SDKROOT; };
		6FBAAAF324E976CD009B79B1 /* GLUT.framework */ = {isa = PBXFileReference; lastKnownFileType = wrapper.framework; name = GLUT.framework; path = System/Library/Frameworks/GLUT.framework; sourceTree = SDKROOT; };
		6FBAAAF424E976CD009B79B1 /* libswiftDemangle.tbd */ = {isa = PBXFileReference; lastKnownFileType = "sourcecode.text-based-dylib-definition"; name = libswiftDemangle.tbd; path = usr/lib/swift/libswiftDemangle.tbd; sourceTree = SDKROOT; };
/* End PBXFileReference section */

/* Begin PBXFrameworksBuildPhase section */
		6FBAAAE324E9760F009B79B1 /* Frameworks */ = {
			isa = PBXFrameworksBuildPhase;
			buildActionMask = 2147483647;
			files = (
				6FBAAAF524E976CD009B79B1 /* libswiftGLKit.tbd in Frameworks */,
				6FBAAAF624E976CD009B79B1 /* OpenGL.framework in Frameworks */,
				6FBAAAF724E976CD009B79B1 /* GLUT.framework in Frameworks */,
				6FBAAAF824E976CD009B79B1 /* libswiftDemangle.tbd in Frameworks */,
			);
			runOnlyForDeploymentPostprocessing = 0;
		};
/* End PBXFrameworksBuildPhase section */

/* Begin PBXGroup section */
		6FBAAADD24E9760F009B79B1 = {
			isa = PBXGroup;
			children = (
				6FBAAAE824E9760F009B79B1 /* work_1 */,
				6FBAAAE724E9760F009B79B1 /* Products */,
				6FBAAAF024E976CD009B79B1 /* Frameworks */,
			);
			sourceTree = "<group>";
		};
		6FBAAAE724E9760F009B79B1 /* Products */ = {
			isa = PBXGroup;
			children = (
				6FBAAAE624E9760F009B79B1 /* work_1 */,
			);
			name = Products;
			sourceTree = "<group>";
		};
		6FBAAAE824E9760F009B79B1 /* work_1 */ = {
			isa = PBXGroup;
			children = (
				6FBAAAE924E9760F009B79B1 /* main.cpp */,
			);
			path = work_1;
			sourceTree = "<group>";
		};
		6FBAAAF024E976CD009B79B1 /* Frameworks */ = {
			isa = PBXGroup;
			children = (
				6FBAAAF324E976CD009B79B1 /* GLUT.framework */,
				6FBAAAF424E976CD009B79B1 /* libswiftDemangle.tbd */,
				6FBAAAF124E976CD009B79B1 /* libswiftGLKit.tbd */,
				6FBAAAF224E976CD009B79B1 /* OpenGL.framework */,
			);
			name = Frameworks;
			sourceTree = "<group>";
		};
/* End PBXGroup section */

/* Begin PBXNativeTarget section */
		6FBAAAE524E9760F009B79B1 /* work_1 */ = {
			isa = PBXNativeTarget;
			buildConfigurationList = 6FBAAAED24E9760F009B79B1 /* Build configuration list for PBXNativeTarget "work_1" */;
			buildPhases = (
				6FBAAAE224E9760F009B79B1 /* Sources */,
				6FBAAAE324E9760F009B79B1 /* Frameworks */,
				6FBAAAE424E9760F009B79B1 /* CopyFiles */,
			);
			buildRules = (
			);
			dependencies = (
			);
			name = work_1;
			productName = work_1;
			productReference = 6FBAAAE624E9760F009B79B1 /* work_1 */;
			productType = "com.apple.product-type.tool";
		};
/* End PBXNativeTarget section */

/* Begin PBXProject section */
		6FBAAADE24E9760F009B79B1 /* Project object */ = {
			isa = PBXProject;
			attributes = {
				LastUpgradeCheck = 1150;
				ORGANIZATIONNAME = ah;
				TargetAttributes = {
					6FBAAAE524E9760F009B79B1 = {
						CreatedOnToolsVersion = 11.5;
					};
				};
			};
			buildConfigurationList = 6FBAAAE124E9760F009B79B1 /* Build configuration list for PBXProject "work_1" */;
			compatibilityVersion = "Xcode 9.3";
			developmentRegion = en;
			hasScannedForEncodings = 0;
			knownRegions = (
				en,
				Base,
			);
			mainGroup = 6FBAAADD24E9760F009B79B1;
			productRefGroup = 6FBAAAE724E9760F009B79B1 /* Products */;
			projectDirPath = "";
			projectRoot = "";
			targets = (
				6FBAAAE524E9760F009B79B1 /* work_1 */,
			);
		};
/* End PBXProject section */

/* Begin PBXSourcesBuildPhase section */
		6FBAAAE224E9760F009B79B1 /* Sources */ = {
			isa = PBXSourcesBuildPhase;
			buildActionMask = 2147483647;
			files = (
				6FBAAAEA24E9760F009B79B1 /* main.cpp in Sources */,
			);
			runOnlyForDeploymentPostprocessing = 0;
		};
/* End PBXSourcesBuildPhase section */

/* Begin XCBuildConfiguration section */
		6FBAAAEB24E9760F009B79B1 /* Debug */ = {
			isa = XCBuildConfiguration;
			buildSettings = {
				ALWAYS_SEARCH_USER_PATHS = NO;
				CLANG_ANALYZER_NONNULL = YES;
				CLANG_ANALYZER_NUMBER_OBJECT_CONVERSION = YES_AGGRESSIVE;
				CLANG_CXX_LANGUAGE_STANDARD = "gnu++14";
				CLANG_CXX_LIBRARY = "libc++";
				CLANG_ENABLE_MODULES = YES;
				CLANG_ENABLE_OBJC_ARC = YES;
				CLANG_ENABLE_OBJC_WEAK = YES;
				CLANG_WARN_BLOCK_CAPTURE_AUTORELEASING = YES;
				CLANG_WARN_BOOL_CONVERSION = YES;
				CLANG_WARN_COMMA = YES;
				CLANG_WARN_CONSTANT_CONVERSION = YES;
				CLANG_WARN_DEPRECATED_OBJC_IMPLEMENTATIONS = YES;
				CLANG_WARN_DIRECT_OBJC_ISA_USAGE = YES_ERROR;
				CLANG_WARN_DOCUMENTATION_COMMENTS = YES;
				CLANG_WARN_EMPTY_BODY = YES;
				CLANG_WARN_ENUM_CONVERSION = YES;
				CLANG_WARN_INFINITE_RECURSION = YES;
				CLANG_WARN_INT_CONVERSION = YES;
				CLANG_WARN_NON_LITERAL_NULL_CONVERSION = YES;
				CLANG_WARN_OBJC_IMPLICIT_RETAIN_SELF = YES;
				CLANG_WARN_OBJC_LITERAL_CONVERSION = YES;
				CLANG_WARN_OBJC_ROOT_CLASS = YES_ERROR;
				CLANG_WARN_RANGE_LOOP_ANALYSIS = YES;
				CLANG_WARN_STRICT_PROTOTYPES = YES;
				CLANG_WARN_SUSPICIOUS_MOVE = YES;
				CLANG_WARN_UNGUARDED_AVAILABILITY = YES_AGGRESSIVE;
				CLANG_WARN_UNREACHABLE_CODE = YES;
				CLANG_WARN__DUPLICATE_METHOD_MATCH = YES;
				COPY_PHASE_STRIP = NO;
				DEBUG_INFORMATION_FORMAT = dwarf;
				ENABLE_STRICT_OBJC_MSGSEND = YES;
				ENABLE_TESTABILITY = YES;
				GCC_C_LANGUAGE_STANDARD = gnu11;
				GCC_DYNAMIC_NO_PIC = NO;
				GCC_NO_COMMON_BLOCKS = YES;
				GCC_OPTIMIZATION_LEVEL = 0;
				GCC_PREPROCESSOR_DEFINITIONS = (
					"DEBUG=1",
					"$(inherited)",
				);
				GCC_WARN_64_TO_32_BIT_CONVERSION = YES;
				GCC_WARN_ABOUT_RETURN_TYPE = YES_ERROR;
				GCC_WARN_UNDECLARED_SELECTOR = YES;
				GCC_WARN_UNINITIALIZED_AUTOS = YES_AGGRESSIVE;
				GCC_WARN_UNUSED_FUNCTION = YES;
				GCC_WARN_UNUSED_VARIABLE = YES;
				MACOSX_DEPLOYMENT_TARGET = 10.15;
				MTL_ENABLE_DEBUG_INFO = INCLUDE_SOURCE;
				MTL_FAST_MATH = YES;
				ONLY_ACTIVE_ARCH = YES;
				SDKROOT = macosx;
			};
			name = Debug;
		};
		6FBAAAEC24E9760F009B79B1 /* Release */ = {
			isa = XCBuildConfiguration;
			buildSettings = {
				ALWAYS_SEARCH_USER_PATHS = NO;
				CLANG_ANALYZER_NONNULL = YES;
				CLANG_ANALYZER_NUMBER_OBJECT_CONVERSION = YES_AGGRESSIVE;
				CLANG_CXX_LANGUAGE_STANDARD = "gnu++14";
				CLANG_CXX_LIBRARY = "libc++";
				CLANG_ENABLE_MODULES = YES;
				CLANG_ENABLE_OBJC_ARC = YES;
				CLANG_ENABLE_OBJC_WEAK = YES;
				CLANG_WARN_BLOCK_CAPTURE_AUTORELEASING = YES;
				CLANG_WARN_BOOL_CONVERSION = YES;
				CLANG_WARN_COMMA = YES;
				CLANG_WARN_CONSTANT_CONVERSION = YES;
				CLANG_WARN_DEPRECATED_OBJC_IMPLEMENTATIONS = YES;
				CLANG_WARN_DIRECT_OBJC_ISA_USAGE = YES_ERROR;
				CLANG_WARN_DOCUMENTATION_COMMENTS = YES;
				CLANG_WARN_EMPTY_BODY = YES;
				CLANG_WARN_ENUM_CONVERSION = YES;
				CLANG_WARN_INFINITE_RECURSION = YES;
				CLANG_WARN_INT_CONVERSION = YES;
				CLANG_WARN_NON_LITERAL_NULL_CONVERSION = YES;
				CLANG_WARN_OBJC_IMPLICIT_RETAIN_SELF = YES;
				CLANG_WARN_OBJC_LITERAL_CONVERSION = YES;
				CLANG_WARN_OBJC_ROOT_CLASS = YES_ERROR;
				CLANG_WARN_RANGE_LOOP_ANALYSIS = YES;
				CLANG_WARN_STRICT_PROTOTYPES = YES;
				CLANG_WARN_SUSPICIOUS_MOVE = YES;
				CLANG_WARN_UNGUARDED_AVAILABILITY = YES_AGGRESSIVE;
				CLANG_WARN_UNREACHABLE_CODE = YES;
				CLANG_WARN__DUPLICATE_METHOD_MATCH = YES;
				COPY_PHASE_STRIP = NO;
				DEBUG_INFORMATION_FORMAT = "dwarf-with-dsym";
				ENABLE_NS_ASSERTIONS = NO;
				ENABLE_STRICT_OBJC_MSGSEND = YES;
				GCC_C_LANGUAGE_STANDARD = gnu11;
				GCC_NO_COMMON_BLOCKS = YES;
				GCC_WARN_64_TO_32_BIT_CONVERSION = YES;
				GCC_WARN_ABOUT_RETURN_TYPE = YES_ERROR;
				GCC_WARN_UNDECLARED_SELECTOR = YES;
				GCC_WARN_UNINITIALIZED_AUTOS = YES_AGGRESSIVE;
				GCC_WARN_UNUSED_FUNCTION = YES;
				GCC_WARN_UNUSED_VARIABLE = YES;
				MACOSX_DEPLOYMENT_TARGET = 10.15;
				MTL_ENABLE_DEBUG_INFO = NO;
				MTL_FAST_MATH = YES;
				SDKROOT = macosx;
			};
			name = Release;
		};
		6FBAAAEE24E9760F009B79B1 /* Debug */ = {
			isa = XCBuildConfiguration;
			buildSettings = {
				CODE_SIGN_STYLE = Automatic;
				LIBRARY_SEARCH_PATHS = (
					"$(inherited)",
					"$(SDKROOT)/usr/lib/swift",
				);
				PRODUCT_NAME = "$(TARGET_NAME)";
			};
			name = Debug;
		};
		6FBAAAEF24E9760F009B79B1 /* Release */ = {
			isa = XCBuildConfiguration;
			buildSettings = {
				CODE_SIGN_STYLE = Automatic;
				LIBRARY_SEARCH_PATHS = (
					"$(inherited)",
					"$(SDKROOT)/usr/lib/swift",
				);
				PRODUCT_NAME = "$(TARGET_NAME)";
			};
			name = Release;
		};
/* End XCBuildConfiguration section */

/* Begin XCConfigurationList section */
		6FBAAAE124E9760F009B79B1 /* Build configuration list for PBXProject "work_1" */ = {
			isa = XCConfigurationList;
			buildConfigurations = (
				6FBAAAEB24E9760F009B79B1 /* Debug */,
				6FBAAAEC24E9760F009B79B1 /* Release */,
			);
			defaultConfigurationIsVisible = 0;
			defaultConfigurationName = Release;
		};
		6FBAAAED24E9760F009B79B1 /* Build configuration list for PBXNativeTarget "work_1" */ = {
			isa = XCConfigurationList;
			buildConfigurations = (
				6FBAAAEE24E9760F009B79B1 /* Debug */,
				6FBAAAEF24E9760F009B79B1 /* Release */,
			);
			defaultConfigurationIsVisible = 0;
			defaultConfigurationName = Release;
		};
/* End XCConfigurationList section */
	};
	rootObject = 6FBAAADE24E9760F009B79B1 /* Project object */;
}
